
Microsoft Visual Studio Solution File, Format Version 12.00
# Visual Studio Version 17
VisualStudioVersion = 17.8.34525.116
MinimumVisualStudioVersion = 10.0.40219.1
Project("{FAE04EC0-301F-11D3-BF4B-00C04F79EFBC}") = "immutableID", "immutableID.csproj", "{AEED4555-5D3D-48BD-8CC2-2BB669FF4352}"
EndProject
Global
	GlobalSection(SolutionConfigurationPlatforms) = preSolution
		Debug|Any CPU = Debug|Any CPU
		Release|Any CPU = Release|Any CPU
	EndGlobalSection
	GlobalSection(ProjectConfigurationPlatforms) = postSolution
		{AEED4555-5D3D-48BD-8CC2-2BB669FF4352}.Debug|Any CPU.ActiveCfg = Debug|Any CPU
		{AEED4555-5D3D-48BD-8CC2-2BB669FF4352}.Debug|Any CPU.Build.0 = Debug|Any CPU
		{AEED4555-5D3D-48BD-8CC2-2BB669FF4352}.Release|Any CPU.ActiveCfg = Release|Any CPU
		{AEED4555-5D3D-48BD-8CC2-2BB669FF4352}.Release|Any CPU.Build.0 = Release|Any CPU
	EndGlobalSection
	GlobalSection(SolutionProperties) = preSolution
		HideSolutionNode = FALSE
	EndGlobalSection
	GlobalSection(ExtensibilityGlobals) = postSolution
		SolutionGuid = {66DF9D83-2A8A-46AD-B454-DC6020FDF1FA}
	EndGlobalSection
EndGlobal
